{
  "originHash" : "f0175c9969b18207f8473e88a83d623e76f9c24b3eb29549409c5ef88e0a3f18",
  "pins" : [
    {
      "identity" : "axistooltip",
      "kind" : "remoteSourceControl",
      "location" : "https://github.com/jasudev/AxisTooltip.git",
      "state" : {
        "revision" : "ed9f7acbbd54dc3ab70585c0cd006974b532e998",
        "version" : "0.5.0"
      }
    },
    {
      "identity" : "popupview",
      "kind" : "remoteSourceControl",
      "location" : "https://github.com/exyte/PopupView.git",
      "state" : {
        "revision" : "8c85ff09d474dd3cfb69aba33046395bcf365573",
        "version" : "2.9.1"
      }
    },
    {
      "identity" : "swiftui-introspect",
      "kind" : "remoteSourceControl",
      "location" : "https://github.com/siteline/swiftui-introspect",
      "state" : {
        "revision" : "0cd2a5a5895306bc21d54a2254302d24a9a571e4",
        "version" : "1.1.3"
      }
    }
  ],
  "version" : 3
}
